
Microsoft Visual Studio Solution File, Format Version 12.00
# Visual Studio Version 17
VisualStudioVersion = 17.0.31903.59
MinimumVisualStudioVersion = 10.0.40219.1
Project("{2150E333-8FDC-42A3-9474-1A3956D46DE8}") = "Api", "Api", "{D82C56D6-B2CD-F611-9E31-04638F7EC30E}"
EndProject
Project("{FAE04EC0-301F-11D3-BF4B-00C04F79EFBC}") = "DesafioMirante.Api", "Api\DesafioMirante.Api.csproj", "{CF211155-3BA1-45DD-8640-B86C7F2E0B1F}"
EndProject
Project("{2150E333-8FDC-42A3-9474-1A3956D46DE8}") = "Application", "Application", "{A74F262E-BDE7-D5D2-89E9-785413424D0A}"
EndProject
Project("{FAE04EC0-301F-11D3-BF4B-00C04F79EFBC}") = "DesafioMirante.Application", "Application\DesafioMirante.Application.csproj", "{C098BCB1-9B56-41D9-BABE-21FAE6823663}"
EndProject
Project("{2150E333-8FDC-42A3-9474-1A3956D46DE8}") = "Domain", "Domain", "{996CEBED-A05B-5D42-3FF0-982E087A2599}"
EndProject
Project("{FAE04EC0-301F-11D3-BF4B-00C04F79EFBC}") = "DesafioMirante.Domain", "Domain\DesafioMirante.Domain.csproj", "{9D3D39A5-E6AA-48F6-9C3F-18ECC919610E}"
EndProject
Project("{2150E333-8FDC-42A3-9474-1A3956D46DE8}") = "Infrastructure", "Infrastructure", "{DFEE68D8-A7D0-1A41-506C-9B74AA9A7B7B}"
EndProject
Project("{FAE04EC0-301F-11D3-BF4B-00C04F79EFBC}") = "DesafioMirante.Infrastructure", "Infrastructure\DesafioMirante.Infrastructure.csproj", "{87E03EA9-C6DB-40ED-A544-251333712CCC}"
EndProject
Project("{2150E333-8FDC-42A3-9474-1A3956D46DE8}") = "Tests", "Tests", "{0AB3BF05-4346-4AA6-1389-037BE0695223}"
EndProject
Project("{FAE04EC0-301F-11D3-BF4B-00C04F79EFBC}") = "DesafioMirante.UnitTests", "Tests\DesafioMirante.UnitTests\DesafioMirante.UnitTests.csproj", "{A99EB055-B623-4454-A020-BE3332E540D9}"
EndProject
Global
	GlobalSection(SolutionConfigurationPlatforms) = preSolution
		Debug|Any CPU = Debug|Any CPU
		Debug|x64 = Debug|x64
		Debug|x86 = Debug|x86
		Release|Any CPU = Release|Any CPU
		Release|x64 = Release|x64
		Release|x86 = Release|x86
	EndGlobalSection
	GlobalSection(ProjectConfigurationPlatforms) = postSolution
		{CF211155-3BA1-45DD-8640-B86C7F2E0B1F}.Debug|Any CPU.ActiveCfg = Debug|Any CPU
		{CF211155-3BA1-45DD-8640-B86C7F2E0B1F}.Debug|Any CPU.Build.0 = Debug|Any CPU
		{CF211155-3BA1-45DD-8640-B86C7F2E0B1F}.Debug|x64.ActiveCfg = Debug|Any CPU
		{CF211155-3BA1-45DD-8640-B86C7F2E0B1F}.Debug|x64.Build.0 = Debug|Any CPU
		{CF211155-3BA1-45DD-8640-B86C7F2E0B1F}.Debug|x86.ActiveCfg = Debug|Any CPU
		{CF211155-3BA1-45DD-8640-B86C7F2E0B1F}.Debug|x86.Build.0 = Debug|Any CPU
		{CF211155-3BA1-45DD-8640-B86C7F2E0B1F}.Release|Any CPU.ActiveCfg = Release|Any CPU
		{CF211155-3BA1-45DD-8640-B86C7F2E0B1F}.Release|Any CPU.Build.0 = Release|Any CPU
		{CF211155-3BA1-45DD-8640-B86C7F2E0B1F}.Release|x64.ActiveCfg = Release|Any CPU
		{CF211155-3BA1-45DD-8640-B86C7F2E0B1F}.Release|x64.Build.0 = Release|Any CPU
		{CF211155-3BA1-45DD-8640-B86C7F2E0B1F}.Release|x86.ActiveCfg = Release|Any CPU
		{CF211155-3BA1-45DD-8640-B86C7F2E0B1F}.Release|x86.Build.0 = Release|Any CPU
		{C098BCB1-9B56-41D9-BABE-21FAE6823663}.Debug|Any CPU.ActiveCfg = Debug|Any CPU
		{C098BCB1-9B56-41D9-BABE-21FAE6823663}.Debug|Any CPU.Build.0 = Debug|Any CPU
		{C098BCB1-9B56-41D9-BABE-21FAE6823663}.Debug|x64.ActiveCfg = Debug|Any CPU
		{C098BCB1-9B56-41D9-BABE-21FAE6823663}.Debug|x64.Build.0 = Debug|Any CPU
		{C098BCB1-9B56-41D9-BABE-21FAE6823663}.Debug|x86.ActiveCfg = Debug|Any CPU
		{C098BCB1-9B56-41D9-BABE-21FAE6823663}.Debug|x86.Build.0 = Debug|Any CPU
		{C098BCB1-9B56-41D9-BABE-21FAE6823663}.Release|Any CPU.ActiveCfg = Release|Any CPU
		{C098BCB1-9B56-41D9-BABE-21FAE6823663}.Release|Any CPU.Build.0 = Release|Any CPU
		{C098BCB1-9B56-41D9-BABE-21FAE6823663}.Release|x64.ActiveCfg = Release|Any CPU
		{C098BCB1-9B56-41D9-BABE-21FAE6823663}.Release|x64.Build.0 = Release|Any CPU
		{C098BCB1-9B56-41D9-BABE-21FAE6823663}.Release|x86.ActiveCfg = Release|Any CPU
		{C098BCB1-9B56-41D9-BABE-21FAE6823663}.Release|x86.Build.0 = Release|Any CPU
		{9D3D39A5-E6AA-48F6-9C3F-18ECC919610E}.Debug|Any CPU.ActiveCfg = Debug|Any CPU
		{9D3D39A5-E6AA-48F6-9C3F-18ECC919610E}.Debug|Any CPU.Build.0 = Debug|Any CPU
		{9D3D39A5-E6AA-48F6-9C3F-18ECC919610E}.Debug|x64.ActiveCfg = Debug|Any CPU
		{9D3D39A5-E6AA-48F6-9C3F-18ECC919610E}.Debug|x64.Build.0 = Debug|Any CPU
		{9D3D39A5-E6AA-48F6-9C3F-18ECC919610E}.Debug|x86.ActiveCfg = Debug|Any CPU
		{9D3D39A5-E6AA-48F6-9C3F-18ECC919610E}.Debug|x86.Build.0 = Debug|Any CPU
		{9D3D39A5-E6AA-48F6-9C3F-18ECC919610E}.Release|Any CPU.ActiveCfg = Release|Any CPU
		{9D3D39A5-E6AA-48F6-9C3F-18ECC919610E}.Release|Any CPU.Build.0 = Release|Any CPU
		{9D3D39A5-E6AA-48F6-9C3F-18ECC919610E}.Release|x64.ActiveCfg = Release|Any CPU
		{9D3D39A5-E6AA-48F6-9C3F-18ECC919610E}.Release|x64.Build.0 = Release|Any CPU
		{9D3D39A5-E6AA-48F6-9C3F-18ECC919610E}.Release|x86.ActiveCfg = Release|Any CPU
		{9D3D39A5-E6AA-48F6-9C3F-18ECC919610E}.Release|x86.Build.0 = Release|Any CPU
		{87E03EA9-C6DB-40ED-A544-251333712CCC}.Debug|Any CPU.ActiveCfg = Debug|Any CPU
		{87E03EA9-C6DB-40ED-A544-251333712CCC}.Debug|Any CPU.Build.0 = Debug|Any CPU
		{87E03EA9-C6DB-40ED-A544-251333712CCC}.Debug|x64.ActiveCfg = Debug|Any CPU
		{87E03EA9-C6DB-40ED-A544-251333712CCC}.Debug|x64.Build.0 = Debug|Any CPU
		{87E03EA9-C6DB-40ED-A544-251333712CCC}.Debug|x86.ActiveCfg = Debug|Any CPU
		{87E03EA9-C6DB-40ED-A544-251333712CCC}.Debug|x86.Build.0 = Debug|Any CPU
		{87E03EA9-C6DB-40ED-A544-251333712CCC}.Release|Any CPU.ActiveCfg = Release|Any CPU
		{87E03EA9-C6DB-40ED-A544-251333712CCC}.Release|Any CPU.Build.0 = Release|Any CPU
		{87E03EA9-C6DB-40ED-A544-251333712CCC}.Release|x64.ActiveCfg = Release|Any CPU
		{87E03EA9-C6DB-40ED-A544-251333712CCC}.Release|x64.Build.0 = Release|Any CPU
		{87E03EA9-C6DB-40ED-A544-251333712CCC}.Release|x86.ActiveCfg = Release|Any CPU
		{87E03EA9-C6DB-40ED-A544-251333712CCC}.Release|x86.Build.0 = Release|Any CPU
		{A99EB055-B623-4454-A020-BE3332E540D9}.Debug|Any CPU.ActiveCfg = Debug|Any CPU
		{A99EB055-B623-4454-A020-BE3332E540D9}.Debug|Any CPU.Build.0 = Debug|Any CPU
		{A99EB055-B623-4454-A020-BE3332E540D9}.Debug|x64.ActiveCfg = Debug|Any CPU
		{A99EB055-B623-4454-A020-BE3332E540D9}.Debug|x64.Build.0 = Debug|Any CPU
		{A99EB055-B623-4454-A020-BE3332E540D9}.Debug|x86.ActiveCfg = Debug|Any CPU
		{A99EB055-B623-4454-A020-BE3332E540D9}.Debug|x86.Build.0 = Debug|Any CPU
		{A99EB055-B623-4454-A020-BE3332E540D9}.Release|Any CPU.ActiveCfg = Release|Any CPU
		{A99EB055-B623-4454-A020-BE3332E540D9}.Release|Any CPU.Build.0 = Release|Any CPU
		{A99EB055-B623-4454-A020-BE3332E540D9}.Release|x64.ActiveCfg = Release|Any CPU
		{A99EB055-B623-4454-A020-BE3332E540D9}.Release|x64.Build.0 = Release|Any CPU
		{A99EB055-B623-4454-A020-BE3332E540D9}.Release|x86.ActiveCfg = Release|Any CPU
		{A99EB055-B623-4454-A020-BE3332E540D9}.Release|x86.Build.0 = Release|Any CPU
	EndGlobalSection
	GlobalSection(SolutionProperties) = preSolution
		HideSolutionNode = FALSE
	EndGlobalSection
	GlobalSection(NestedProjects) = preSolution
		{CF211155-3BA1-45DD-8640-B86C7F2E0B1F} = {D82C56D6-B2CD-F611-9E31-04638F7EC30E}
		{C098BCB1-9B56-41D9-BABE-21FAE6823663} = {A74F262E-BDE7-D5D2-89E9-785413424D0A}
		{9D3D39A5-E6AA-48F6-9C3F-18ECC919610E} = {996CEBED-A05B-5D42-3FF0-982E087A2599}
		{87E03EA9-C6DB-40ED-A544-251333712CCC} = {DFEE68D8-A7D0-1A41-506C-9B74AA9A7B7B}
		{A99EB055-B623-4454-A020-BE3332E540D9} = {0AB3BF05-4346-4AA6-1389-037BE0695223}
	EndGlobalSection
EndGlobal
